
Microsoft Visual Studio Solution File, Format Version 11.00
# Visual Studio 2010
Project("{FAE04EC0-301F-11D3-BF4B-00C04F79EFBC}") = "JSModel", "JSModel\JSModel.csproj", "{C84DF308-9EBF-4521-9CA2-5C531F4B245A}"
EndProject
Project("{FAE04EC0-301F-11D3-BF4B-00C04F79EFBC}") = "Saltarelle.Compiler", "Saltarelle.Compiler\Saltarelle.Compiler.csproj", "{0B9DB3A8-CC8D-40AF-BC03-3D0BDA71AA19}"
EndProject
Project("{FAE04EC0-301F-11D3-BF4B-00C04F79EFBC}") = "Saltarelle.Compiler.Tests", "Saltarelle.Compiler.Tests\Saltarelle.Compiler.Tests.csproj", "{4EAA8F82-B663-4DE6-AD09-A5BBE625AF55}"
	ProjectSection(ProjectDependencies) = postProject
		{36D4B098-A21C-4725-ACD3-400922885F38} = {36D4B098-A21C-4725-ACD3-400922885F38}
	EndProjectSection
EndProject
Project("{2150E333-8FDC-42A3-9474-1A3956D46DE8}") = "Solution Items", "Solution Items", "{960B2991-27DA-4D76-A771-5E97946D0074}"
	ProjectSection(SolutionItems) = preProject
		Stuff to change in mscorlib.txt = Stuff to change in mscorlib.txt
		TODO.txt = TODO.txt
	EndProjectSection
EndProject
Project("{2150E333-8FDC-42A3-9474-1A3956D46DE8}") = "ScriptSharp", "ScriptSharp", "{7F0AB1D0-F092-46DF-9AB4-71C9836AF9B8}"
EndProject
Project("{FAE04EC0-301F-11D3-BF4B-00C04F79EFBC}") = "CoreScript", "ScriptSharp\src\Core\CoreScript\CoreScript.csproj", "{8780581F-7C26-4B64-9235-BA1C458DF36E}"
EndProject
Project("{FAE04EC0-301F-11D3-BF4B-00C04F79EFBC}") = "CoreLib", "ScriptSharp\src\Libraries\CoreLib\CoreLib.csproj", "{36D4B098-A21C-4725-ACD3-400922885F38}"
EndProject
Global
	GlobalSection(SolutionConfigurationPlatforms) = preSolution
		Debug|Any CPU = Debug|Any CPU
		Release|Any CPU = Release|Any CPU
	EndGlobalSection
	GlobalSection(ProjectConfigurationPlatforms) = postSolution
		{C84DF308-9EBF-4521-9CA2-5C531F4B245A}.Debug|Any CPU.ActiveCfg = Debug|Any CPU
		{C84DF308-9EBF-4521-9CA2-5C531F4B245A}.Debug|Any CPU.Build.0 = Debug|Any CPU
		{C84DF308-9EBF-4521-9CA2-5C531F4B245A}.Release|Any CPU.ActiveCfg = Release|Any CPU
		{C84DF308-9EBF-4521-9CA2-5C531F4B245A}.Release|Any CPU.Build.0 = Release|Any CPU
		{0B9DB3A8-CC8D-40AF-BC03-3D0BDA71AA19}.Debug|Any CPU.ActiveCfg = Debug|Any CPU
		{0B9DB3A8-CC8D-40AF-BC03-3D0BDA71AA19}.Debug|Any CPU.Build.0 = Debug|Any CPU
		{0B9DB3A8-CC8D-40AF-BC03-3D0BDA71AA19}.Release|Any CPU.ActiveCfg = Release|Any CPU
		{0B9DB3A8-CC8D-40AF-BC03-3D0BDA71AA19}.Release|Any CPU.Build.0 = Release|Any CPU
		{4EAA8F82-B663-4DE6-AD09-A5BBE625AF55}.Debug|Any CPU.ActiveCfg = Debug|Any CPU
		{4EAA8F82-B663-4DE6-AD09-A5BBE625AF55}.Debug|Any CPU.Build.0 = Debug|Any CPU
		{4EAA8F82-B663-4DE6-AD09-A5BBE625AF55}.Release|Any CPU.ActiveCfg = Release|Any CPU
		{4EAA8F82-B663-4DE6-AD09-A5BBE625AF55}.Release|Any CPU.Build.0 = Release|Any CPU
		{8780581F-7C26-4B64-9235-BA1C458DF36E}.Debug|Any CPU.ActiveCfg = Debug|Any CPU
		{8780581F-7C26-4B64-9235-BA1C458DF36E}.Debug|Any CPU.Build.0 = Debug|Any CPU
		{8780581F-7C26-4B64-9235-BA1C458DF36E}.Release|Any CPU.ActiveCfg = Release|Any CPU
		{8780581F-7C26-4B64-9235-BA1C458DF36E}.Release|Any CPU.Build.0 = Release|Any CPU
		{36D4B098-A21C-4725-ACD3-400922885F38}.Debug|Any CPU.ActiveCfg = Debug|Any CPU
		{36D4B098-A21C-4725-ACD3-400922885F38}.Debug|Any CPU.Build.0 = Debug|Any CPU
		{36D4B098-A21C-4725-ACD3-400922885F38}.Release|Any CPU.ActiveCfg = Release|Any CPU
		{36D4B098-A21C-4725-ACD3-400922885F38}.Release|Any CPU.Build.0 = Release|Any CPU
	EndGlobalSection
	GlobalSection(SolutionProperties) = preSolution
		HideSolutionNode = FALSE
	EndGlobalSection
	GlobalSection(NestedProjects) = preSolution
		{8780581F-7C26-4B64-9235-BA1C458DF36E} = {7F0AB1D0-F092-46DF-9AB4-71C9836AF9B8}
		{36D4B098-A21C-4725-ACD3-400922885F38} = {7F0AB1D0-F092-46DF-9AB4-71C9836AF9B8}
	EndGlobalSection
EndGlobal
