
Microsoft Visual Studio Solution File, Format Version 11.00
# Visual Studio 2010
Project("{FAE04EC0-301F-11D3-BF4B-00C04F79EFBC}") = "JSModel", "JSModel\JSModel.csproj", "{C84DF308-9EBF-4521-9CA2-5C531F4B245A}"
EndProject
Project("{FAE04EC0-301F-11D3-BF4B-00C04F79EFBC}") = "Saltarelle.Compiler", "Saltarelle.Compiler\Saltarelle.Compiler.csproj", "{0B9DB3A8-CC8D-40AF-BC03-3D0BDA71AA19}"
EndProject
Project("{FAE04EC0-301F-11D3-BF4B-00C04F79EFBC}") = "Saltarelle.Compiler.Tests", "Saltarelle.Compiler.Tests\Saltarelle.Compiler.Tests.csproj", "{4EAA8F82-B663-4DE6-AD09-A5BBE625AF55}"
	ProjectSection(ProjectDependencies) = postProject
		{8780581F-7C26-4B64-9235-BA1C458DF36E} = {8780581F-7C26-4B64-9235-BA1C458DF36E}
		{36D4B098-A21C-4725-ACD3-400922885F38} = {36D4B098-A21C-4725-ACD3-400922885F38}
	EndProjectSection
EndProject
Project("{2150E333-8FDC-42A3-9474-1A3956D46DE8}") = "Solution Items", "Solution Items", "{960B2991-27DA-4D76-A771-5E97946D0074}"
	ProjectSection(SolutionItems) = preProject
		TODO.txt = TODO.txt
	EndProjectSection
EndProject
Project("{2150E333-8FDC-42A3-9474-1A3956D46DE8}") = "ScriptSharp", "ScriptSharp", "{7F0AB1D0-F092-46DF-9AB4-71C9836AF9B8}"
EndProject
Project("{FAE04EC0-301F-11D3-BF4B-00C04F79EFBC}") = "CoreScript", "ScriptSharp\src\Core\CoreScript\CoreScript.csproj", "{8780581F-7C26-4B64-9235-BA1C458DF36E}"
	ProjectSection(ProjectDependencies) = postProject
		{35370E49-29C1-4121-A357-3CCE460B7CF5} = {35370E49-29C1-4121-A357-3CCE460B7CF5}
	EndProjectSection
EndProject
Project("{FAE04EC0-301F-11D3-BF4B-00C04F79EFBC}") = "CoreLib", "ScriptSharp\src\Libraries\CoreLib\CoreLib.csproj", "{36D4B098-A21C-4725-ACD3-400922885F38}"
EndProject
Project("{2150E333-8FDC-42A3-9474-1A3956D46DE8}") = "NRefactory", "NRefactory", "{73B31ACF-DFF5-4A3A-A4FC-B89090737EDA}"
EndProject
Project("{FAE04EC0-301F-11D3-BF4B-00C04F79EFBC}") = "ICSharpCode.NRefactory", "NRefactory\ICSharpCode.NRefactory\ICSharpCode.NRefactory.csproj", "{3B2A5653-EC97-4001-BB9B-D90F1AF2C371}"
EndProject
Project("{FAE04EC0-301F-11D3-BF4B-00C04F79EFBC}") = "ICSharpCode.NRefactory.CSharp", "NRefactory\ICSharpCode.NRefactory.CSharp\ICSharpCode.NRefactory.CSharp.csproj", "{53DCA265-3C3C-42F9-B647-F72BA678122B}"
EndProject
Project("{2150E333-8FDC-42A3-9474-1A3956D46DE8}") = "Mono.Cecil", "Mono.Cecil", "{C0A13219-2423-42ED-8309-294D4A5D5328}"
EndProject
Project("{FAE04EC0-301F-11D3-BF4B-00C04F79EFBC}") = "Mono.Cecil", "Mono.Cecil\Mono.Cecil.csproj", "{D68133BD-1E63-496E-9EDE-4FBDBF77B486}"
EndProject
Project("{FAE04EC0-301F-11D3-BF4B-00C04F79EFBC}") = "Preprocessor", "ScriptSharp\src\Tools\Preprocessor\Preprocessor.csproj", "{35370E49-29C1-4121-A357-3CCE460B7CF5}"
EndProject
Global
	GlobalSection(SolutionConfigurationPlatforms) = preSolution
		Debug|Any CPU = Debug|Any CPU
	EndGlobalSection
	GlobalSection(ProjectConfigurationPlatforms) = postSolution
		{C84DF308-9EBF-4521-9CA2-5C531F4B245A}.Debug|Any CPU.ActiveCfg = Debug|Any CPU
		{C84DF308-9EBF-4521-9CA2-5C531F4B245A}.Debug|Any CPU.Build.0 = Debug|Any CPU
		{0B9DB3A8-CC8D-40AF-BC03-3D0BDA71AA19}.Debug|Any CPU.ActiveCfg = Debug|Any CPU
		{0B9DB3A8-CC8D-40AF-BC03-3D0BDA71AA19}.Debug|Any CPU.Build.0 = Debug|Any CPU
		{4EAA8F82-B663-4DE6-AD09-A5BBE625AF55}.Debug|Any CPU.ActiveCfg = Debug|Any CPU
		{4EAA8F82-B663-4DE6-AD09-A5BBE625AF55}.Debug|Any CPU.Build.0 = Debug|Any CPU
		{8780581F-7C26-4B64-9235-BA1C458DF36E}.Debug|Any CPU.ActiveCfg = Debug|Any CPU
		{8780581F-7C26-4B64-9235-BA1C458DF36E}.Debug|Any CPU.Build.0 = Debug|Any CPU
		{36D4B098-A21C-4725-ACD3-400922885F38}.Debug|Any CPU.ActiveCfg = Debug|Any CPU
		{36D4B098-A21C-4725-ACD3-400922885F38}.Debug|Any CPU.Build.0 = Debug|Any CPU
		{3B2A5653-EC97-4001-BB9B-D90F1AF2C371}.Debug|Any CPU.ActiveCfg = Debug|Any CPU
		{3B2A5653-EC97-4001-BB9B-D90F1AF2C371}.Debug|Any CPU.Build.0 = Debug|Any CPU
		{53DCA265-3C3C-42F9-B647-F72BA678122B}.Debug|Any CPU.ActiveCfg = Debug|Any CPU
		{53DCA265-3C3C-42F9-B647-F72BA678122B}.Debug|Any CPU.Build.0 = Debug|Any CPU
		{D68133BD-1E63-496E-9EDE-4FBDBF77B486}.Debug|Any CPU.ActiveCfg = net_4_0_Debug|Any CPU
		{D68133BD-1E63-496E-9EDE-4FBDBF77B486}.Debug|Any CPU.Build.0 = net_4_0_Debug|Any CPU
		{35370E49-29C1-4121-A357-3CCE460B7CF5}.Debug|Any CPU.ActiveCfg = Debug|Any CPU
		{35370E49-29C1-4121-A357-3CCE460B7CF5}.Debug|Any CPU.Build.0 = Debug|Any CPU
	EndGlobalSection
	GlobalSection(SolutionProperties) = preSolution
		HideSolutionNode = FALSE
	EndGlobalSection
	GlobalSection(NestedProjects) = preSolution
		{8780581F-7C26-4B64-9235-BA1C458DF36E} = {7F0AB1D0-F092-46DF-9AB4-71C9836AF9B8}
		{36D4B098-A21C-4725-ACD3-400922885F38} = {7F0AB1D0-F092-46DF-9AB4-71C9836AF9B8}
		{35370E49-29C1-4121-A357-3CCE460B7CF5} = {7F0AB1D0-F092-46DF-9AB4-71C9836AF9B8}
		{3B2A5653-EC97-4001-BB9B-D90F1AF2C371} = {73B31ACF-DFF5-4A3A-A4FC-B89090737EDA}
		{53DCA265-3C3C-42F9-B647-F72BA678122B} = {73B31ACF-DFF5-4A3A-A4FC-B89090737EDA}
		{D68133BD-1E63-496E-9EDE-4FBDBF77B486} = {C0A13219-2423-42ED-8309-294D4A5D5328}
	EndGlobalSection
EndGlobal
