
Microsoft Visual Studio Solution File, Format Version 12.00
# Visual Studio 2012
Project("{FAE04EC0-301F-11D3-BF4B-00C04F79EFBC}") = "jQuery.Core", "Libraries\jQuery\jQuery.Core\jQuery.Core.csproj", "{4A9F7CE0-5A45-4B28-AD01-05528709B6E4}"
EndProject
Project("{FAE04EC0-301F-11D3-BF4B-00C04F79EFBC}") = "Web", "Libraries\Web\Web.csproj", "{3681A9A8-FC40-4125-B842-7775713C8DCE}"
EndProject
Project("{2150E333-8FDC-42A3-9474-1A3956D46DE8}") = "Libraries", "Libraries", "{5D0FD0F6-498E-4126-A297-97B7763DD0AB}"
EndProject
Project("{FAE04EC0-301F-11D3-BF4B-00C04F79EFBC}") = "Knockout", "Libraries\Knockout\Knockout.csproj", "{DCA0235F-88C1-43A0-A8DB-FF765D344E06}"
EndProject
Project("{FAE04EC0-301F-11D3-BF4B-00C04F79EFBC}") = "CoreLib", "Libraries\CoreLib\CoreLib.csproj", "{36D4B098-A21C-4725-ACD3-400922885F38}"
	ProjectSection(ProjectDependencies) = postProject
		{8780581F-7C26-4B64-9235-BA1C458DF36E} = {8780581F-7C26-4B64-9235-BA1C458DF36E}
	EndProjectSection
EndProject
Project("{2150E333-8FDC-42A3-9474-1A3956D46DE8}") = "Core", "Core", "{D1DF352A-45B6-4130-9A8B-A24C20257B7D}"
EndProject
Project("{FAE04EC0-301F-11D3-BF4B-00C04F79EFBC}") = "CoreScript", "Core\CoreScript\CoreScript.csproj", "{8780581F-7C26-4B64-9235-BA1C458DF36E}"
EndProject
Project("{FAE04EC0-301F-11D3-BF4B-00C04F79EFBC}") = "LoaderScript", "Core\LoaderScript\LoaderScript.csproj", "{94534671-7C55-4F3F-9209-3ECD2D3145D7}"
EndProject
Project("{FAE04EC0-301F-11D3-BF4B-00C04F79EFBC}") = "LoaderLib", "Libraries\LoaderLib\LoaderLib.csproj", "{439523BE-5095-481A-B329-DB7CB741ECD6}"
	ProjectSection(ProjectDependencies) = postProject
		{94534671-7C55-4F3F-9209-3ECD2D3145D7} = {94534671-7C55-4F3F-9209-3ECD2D3145D7}
	EndProjectSection
EndProject
Project("{FAE04EC0-301F-11D3-BF4B-00C04F79EFBC}") = "jQuery.UI", "Libraries\jQuery\jQuery.UI\jQuery.UI.csproj", "{824C1FEC-2455-4183-AFC6-891EDB88213A}"
EndProject
Project("{FAE04EC0-301F-11D3-BF4B-00C04F79EFBC}") = "LinqJS", "Libraries\LinqJS\LinqJS.csproj", "{DB343BA6-72D8-47EF-8510-5ED566489D9E}"
	ProjectSection(ProjectDependencies) = postProject
		{91CF385C-0E47-4478-B7DE-6DC3DE7E118A} = {91CF385C-0E47-4478-B7DE-6DC3DE7E118A}
	EndProjectSection
EndProject
Project("{FAE04EC0-301F-11D3-BF4B-00C04F79EFBC}") = "LinqJSScript", "Core\LinqJSScript\LinqJSScript.csproj", "{91CF385C-0E47-4478-B7DE-6DC3DE7E118A}"
EndProject
Project("{2150E333-8FDC-42A3-9474-1A3956D46DE8}") = "Tests", "Tests", "{1FF7D86A-E3A8-4A87-848A-CF97ED032435}"
EndProject
Project("{FAE04EC0-301F-11D3-BF4B-00C04F79EFBC}") = "LinqJSTests", "Tests\LinqJSTests\LinqJSTests.csproj", "{F8047019-A362-46C8-B317-D4278EFCC680}"
EndProject
Project("{FAE04EC0-301F-11D3-BF4B-00C04F79EFBC}") = "RuntimeLibrary.Tests", "Tests\RuntimeLibrary.Tests\RuntimeLibrary.Tests.csproj", "{7CC02EBA-94BA-4561-90A7-1DE1240DDB38}"
EndProject
Project("{FAE04EC0-301F-11D3-BF4B-00C04F79EFBC}") = "CoreLibTests", "Tests\CoreLibTests\CoreLibTests.csproj", "{B54DD6E7-526D-4BD4-BCCA-8DCB1AB12A23}"
EndProject
Project("{FAE04EC0-301F-11D3-BF4B-00C04F79EFBC}") = "NodeJS", "Libraries\NodeJS\NodeJS.csproj", "{982279B6-0070-4614-91A6-02F1AEE36E4F}"
EndProject
Project("{2150E333-8FDC-42A3-9474-1A3956D46DE8}") = "Solution Items", "Solution Items", "{D09CDE45-FFC0-44CC-B693-31C4A0F37602}"
	ProjectSection(SolutionItems) = preProject
		..\..\history.txt = ..\..\history.txt
	EndProjectSection
EndProject
Project("{FAE04EC0-301F-11D3-BF4B-00C04F79EFBC}") = "PaperJS", "Libraries\PaperJS\PaperJS.csproj", "{8834B978-9A63-46D4-882C-E4961FBC175F}"
EndProject
Global
	GlobalSection(SolutionConfigurationPlatforms) = preSolution
		Debug_NoAsync|Any CPU = Debug_NoAsync|Any CPU
		Debug|Any CPU = Debug|Any CPU
		Release_NoAsync|Any CPU = Release_NoAsync|Any CPU
		Release|Any CPU = Release|Any CPU
	EndGlobalSection
	GlobalSection(ProjectConfigurationPlatforms) = postSolution
		{4A9F7CE0-5A45-4B28-AD01-05528709B6E4}.Debug_NoAsync|Any CPU.ActiveCfg = Debug|Any CPU
		{4A9F7CE0-5A45-4B28-AD01-05528709B6E4}.Debug|Any CPU.ActiveCfg = Debug|Any CPU
		{4A9F7CE0-5A45-4B28-AD01-05528709B6E4}.Debug|Any CPU.Build.0 = Debug|Any CPU
		{4A9F7CE0-5A45-4B28-AD01-05528709B6E4}.Release_NoAsync|Any CPU.ActiveCfg = Release|Any CPU
		{4A9F7CE0-5A45-4B28-AD01-05528709B6E4}.Release_NoAsync|Any CPU.Build.0 = Release|Any CPU
		{4A9F7CE0-5A45-4B28-AD01-05528709B6E4}.Release|Any CPU.ActiveCfg = Release|Any CPU
		{4A9F7CE0-5A45-4B28-AD01-05528709B6E4}.Release|Any CPU.Build.0 = Release|Any CPU
		{3681A9A8-FC40-4125-B842-7775713C8DCE}.Debug_NoAsync|Any CPU.ActiveCfg = Debug|Any CPU
		{3681A9A8-FC40-4125-B842-7775713C8DCE}.Debug|Any CPU.ActiveCfg = Debug|Any CPU
		{3681A9A8-FC40-4125-B842-7775713C8DCE}.Debug|Any CPU.Build.0 = Debug|Any CPU
		{3681A9A8-FC40-4125-B842-7775713C8DCE}.Release_NoAsync|Any CPU.ActiveCfg = Release|Any CPU
		{3681A9A8-FC40-4125-B842-7775713C8DCE}.Release_NoAsync|Any CPU.Build.0 = Release|Any CPU
		{3681A9A8-FC40-4125-B842-7775713C8DCE}.Release|Any CPU.ActiveCfg = Release|Any CPU
		{3681A9A8-FC40-4125-B842-7775713C8DCE}.Release|Any CPU.Build.0 = Release|Any CPU
		{DCA0235F-88C1-43A0-A8DB-FF765D344E06}.Debug_NoAsync|Any CPU.ActiveCfg = Debug|Any CPU
		{DCA0235F-88C1-43A0-A8DB-FF765D344E06}.Debug|Any CPU.ActiveCfg = Debug|Any CPU
		{DCA0235F-88C1-43A0-A8DB-FF765D344E06}.Debug|Any CPU.Build.0 = Debug|Any CPU
		{DCA0235F-88C1-43A0-A8DB-FF765D344E06}.Release_NoAsync|Any CPU.ActiveCfg = Release|Any CPU
		{DCA0235F-88C1-43A0-A8DB-FF765D344E06}.Release_NoAsync|Any CPU.Build.0 = Release|Any CPU
		{DCA0235F-88C1-43A0-A8DB-FF765D344E06}.Release|Any CPU.ActiveCfg = Release|Any CPU
		{DCA0235F-88C1-43A0-A8DB-FF765D344E06}.Release|Any CPU.Build.0 = Release|Any CPU
		{36D4B098-A21C-4725-ACD3-400922885F38}.Debug_NoAsync|Any CPU.ActiveCfg = Debug|Any CPU
		{36D4B098-A21C-4725-ACD3-400922885F38}.Debug|Any CPU.ActiveCfg = Debug|Any CPU
		{36D4B098-A21C-4725-ACD3-400922885F38}.Debug|Any CPU.Build.0 = Debug|Any CPU
		{36D4B098-A21C-4725-ACD3-400922885F38}.Release_NoAsync|Any CPU.ActiveCfg = Release|Any CPU
		{36D4B098-A21C-4725-ACD3-400922885F38}.Release_NoAsync|Any CPU.Build.0 = Release|Any CPU
		{36D4B098-A21C-4725-ACD3-400922885F38}.Release|Any CPU.ActiveCfg = Release|Any CPU
		{36D4B098-A21C-4725-ACD3-400922885F38}.Release|Any CPU.Build.0 = Release|Any CPU
		{8780581F-7C26-4B64-9235-BA1C458DF36E}.Debug_NoAsync|Any CPU.ActiveCfg = Debug|Any CPU
		{8780581F-7C26-4B64-9235-BA1C458DF36E}.Debug|Any CPU.ActiveCfg = Debug|Any CPU
		{8780581F-7C26-4B64-9235-BA1C458DF36E}.Debug|Any CPU.Build.0 = Debug|Any CPU
		{8780581F-7C26-4B64-9235-BA1C458DF36E}.Release_NoAsync|Any CPU.ActiveCfg = Release|Any CPU
		{8780581F-7C26-4B64-9235-BA1C458DF36E}.Release_NoAsync|Any CPU.Build.0 = Release|Any CPU
		{8780581F-7C26-4B64-9235-BA1C458DF36E}.Release|Any CPU.ActiveCfg = Release|Any CPU
		{8780581F-7C26-4B64-9235-BA1C458DF36E}.Release|Any CPU.Build.0 = Release|Any CPU
		{94534671-7C55-4F3F-9209-3ECD2D3145D7}.Debug_NoAsync|Any CPU.ActiveCfg = Debug|Any CPU
		{94534671-7C55-4F3F-9209-3ECD2D3145D7}.Debug|Any CPU.ActiveCfg = Debug|Any CPU
		{94534671-7C55-4F3F-9209-3ECD2D3145D7}.Debug|Any CPU.Build.0 = Debug|Any CPU
		{94534671-7C55-4F3F-9209-3ECD2D3145D7}.Release_NoAsync|Any CPU.ActiveCfg = Release|Any CPU
		{94534671-7C55-4F3F-9209-3ECD2D3145D7}.Release_NoAsync|Any CPU.Build.0 = Release|Any CPU
		{94534671-7C55-4F3F-9209-3ECD2D3145D7}.Release|Any CPU.ActiveCfg = Release|Any CPU
		{94534671-7C55-4F3F-9209-3ECD2D3145D7}.Release|Any CPU.Build.0 = Release|Any CPU
		{439523BE-5095-481A-B329-DB7CB741ECD6}.Debug_NoAsync|Any CPU.ActiveCfg = Debug|Any CPU
		{439523BE-5095-481A-B329-DB7CB741ECD6}.Debug|Any CPU.ActiveCfg = Debug|Any CPU
		{439523BE-5095-481A-B329-DB7CB741ECD6}.Debug|Any CPU.Build.0 = Debug|Any CPU
		{439523BE-5095-481A-B329-DB7CB741ECD6}.Release_NoAsync|Any CPU.ActiveCfg = Release|Any CPU
		{439523BE-5095-481A-B329-DB7CB741ECD6}.Release_NoAsync|Any CPU.Build.0 = Release|Any CPU
		{439523BE-5095-481A-B329-DB7CB741ECD6}.Release|Any CPU.ActiveCfg = Release|Any CPU
		{439523BE-5095-481A-B329-DB7CB741ECD6}.Release|Any CPU.Build.0 = Release|Any CPU
		{824C1FEC-2455-4183-AFC6-891EDB88213A}.Debug_NoAsync|Any CPU.ActiveCfg = Debug|Any CPU
		{824C1FEC-2455-4183-AFC6-891EDB88213A}.Debug_NoAsync|Any CPU.Build.0 = Debug|Any CPU
		{824C1FEC-2455-4183-AFC6-891EDB88213A}.Debug|Any CPU.ActiveCfg = Debug|Any CPU
		{824C1FEC-2455-4183-AFC6-891EDB88213A}.Debug|Any CPU.Build.0 = Debug|Any CPU
		{824C1FEC-2455-4183-AFC6-891EDB88213A}.Release_NoAsync|Any CPU.ActiveCfg = Release|Any CPU
		{824C1FEC-2455-4183-AFC6-891EDB88213A}.Release_NoAsync|Any CPU.Build.0 = Release|Any CPU
		{824C1FEC-2455-4183-AFC6-891EDB88213A}.Release|Any CPU.ActiveCfg = Release|Any CPU
		{824C1FEC-2455-4183-AFC6-891EDB88213A}.Release|Any CPU.Build.0 = Release|Any CPU
		{DB343BA6-72D8-47EF-8510-5ED566489D9E}.Debug_NoAsync|Any CPU.ActiveCfg = Debug|Any CPU
		{DB343BA6-72D8-47EF-8510-5ED566489D9E}.Debug|Any CPU.ActiveCfg = Debug|Any CPU
		{DB343BA6-72D8-47EF-8510-5ED566489D9E}.Debug|Any CPU.Build.0 = Debug|Any CPU
		{DB343BA6-72D8-47EF-8510-5ED566489D9E}.Release_NoAsync|Any CPU.ActiveCfg = Release|Any CPU
		{DB343BA6-72D8-47EF-8510-5ED566489D9E}.Release_NoAsync|Any CPU.Build.0 = Release|Any CPU
		{DB343BA6-72D8-47EF-8510-5ED566489D9E}.Release|Any CPU.ActiveCfg = Release|Any CPU
		{DB343BA6-72D8-47EF-8510-5ED566489D9E}.Release|Any CPU.Build.0 = Release|Any CPU
		{91CF385C-0E47-4478-B7DE-6DC3DE7E118A}.Debug_NoAsync|Any CPU.ActiveCfg = Debug|Any CPU
		{91CF385C-0E47-4478-B7DE-6DC3DE7E118A}.Debug|Any CPU.ActiveCfg = Debug|Any CPU
		{91CF385C-0E47-4478-B7DE-6DC3DE7E118A}.Debug|Any CPU.Build.0 = Debug|Any CPU
		{91CF385C-0E47-4478-B7DE-6DC3DE7E118A}.Release_NoAsync|Any CPU.ActiveCfg = Release|Any CPU
		{91CF385C-0E47-4478-B7DE-6DC3DE7E118A}.Release_NoAsync|Any CPU.Build.0 = Release|Any CPU
		{91CF385C-0E47-4478-B7DE-6DC3DE7E118A}.Release|Any CPU.ActiveCfg = Release|Any CPU
		{91CF385C-0E47-4478-B7DE-6DC3DE7E118A}.Release|Any CPU.Build.0 = Release|Any CPU
		{F8047019-A362-46C8-B317-D4278EFCC680}.Debug_NoAsync|Any CPU.ActiveCfg = Debug|Any CPU
		{F8047019-A362-46C8-B317-D4278EFCC680}.Debug|Any CPU.ActiveCfg = Debug|Any CPU
		{F8047019-A362-46C8-B317-D4278EFCC680}.Debug|Any CPU.Build.0 = Debug|Any CPU
		{F8047019-A362-46C8-B317-D4278EFCC680}.Release_NoAsync|Any CPU.ActiveCfg = Release|Any CPU
		{F8047019-A362-46C8-B317-D4278EFCC680}.Release_NoAsync|Any CPU.Build.0 = Release|Any CPU
		{F8047019-A362-46C8-B317-D4278EFCC680}.Release|Any CPU.ActiveCfg = Release|Any CPU
		{F8047019-A362-46C8-B317-D4278EFCC680}.Release|Any CPU.Build.0 = Release|Any CPU
		{7CC02EBA-94BA-4561-90A7-1DE1240DDB38}.Debug_NoAsync|Any CPU.ActiveCfg = Debug|Any CPU
		{7CC02EBA-94BA-4561-90A7-1DE1240DDB38}.Debug|Any CPU.ActiveCfg = Debug|Any CPU
		{7CC02EBA-94BA-4561-90A7-1DE1240DDB38}.Debug|Any CPU.Build.0 = Debug|Any CPU
		{7CC02EBA-94BA-4561-90A7-1DE1240DDB38}.Release_NoAsync|Any CPU.ActiveCfg = Release|Any CPU
		{7CC02EBA-94BA-4561-90A7-1DE1240DDB38}.Release_NoAsync|Any CPU.Build.0 = Release|Any CPU
		{7CC02EBA-94BA-4561-90A7-1DE1240DDB38}.Release|Any CPU.ActiveCfg = Release|Any CPU
		{7CC02EBA-94BA-4561-90A7-1DE1240DDB38}.Release|Any CPU.Build.0 = Release|Any CPU
		{B54DD6E7-526D-4BD4-BCCA-8DCB1AB12A23}.Debug_NoAsync|Any CPU.ActiveCfg = Debug_NoAsync|Any CPU
		{B54DD6E7-526D-4BD4-BCCA-8DCB1AB12A23}.Debug|Any CPU.ActiveCfg = Debug|Any CPU
		{B54DD6E7-526D-4BD4-BCCA-8DCB1AB12A23}.Debug|Any CPU.Build.0 = Debug|Any CPU
		{B54DD6E7-526D-4BD4-BCCA-8DCB1AB12A23}.Release_NoAsync|Any CPU.ActiveCfg = Release_NoAsync|Any CPU
		{B54DD6E7-526D-4BD4-BCCA-8DCB1AB12A23}.Release_NoAsync|Any CPU.Build.0 = Release_NoAsync|Any CPU
		{B54DD6E7-526D-4BD4-BCCA-8DCB1AB12A23}.Release|Any CPU.ActiveCfg = Release|Any CPU
		{B54DD6E7-526D-4BD4-BCCA-8DCB1AB12A23}.Release|Any CPU.Build.0 = Release|Any CPU
		{982279B6-0070-4614-91A6-02F1AEE36E4F}.Debug_NoAsync|Any CPU.ActiveCfg = Debug|Any CPU
		{982279B6-0070-4614-91A6-02F1AEE36E4F}.Debug|Any CPU.ActiveCfg = Debug|Any CPU
		{982279B6-0070-4614-91A6-02F1AEE36E4F}.Debug|Any CPU.Build.0 = Debug|Any CPU
		{982279B6-0070-4614-91A6-02F1AEE36E4F}.Release_NoAsync|Any CPU.ActiveCfg = Release|Any CPU
		{982279B6-0070-4614-91A6-02F1AEE36E4F}.Release_NoAsync|Any CPU.Build.0 = Release|Any CPU
		{982279B6-0070-4614-91A6-02F1AEE36E4F}.Release|Any CPU.ActiveCfg = Release|Any CPU
		{982279B6-0070-4614-91A6-02F1AEE36E4F}.Release|Any CPU.Build.0 = Release|Any CPU
		{8834B978-9A63-46D4-882C-E4961FBC175F}.Debug_NoAsync|Any CPU.ActiveCfg = Debug|Any CPU
		{8834B978-9A63-46D4-882C-E4961FBC175F}.Debug_NoAsync|Any CPU.Build.0 = Debug|Any CPU
		{8834B978-9A63-46D4-882C-E4961FBC175F}.Debug|Any CPU.ActiveCfg = Debug|Any CPU
		{8834B978-9A63-46D4-882C-E4961FBC175F}.Debug|Any CPU.Build.0 = Debug|Any CPU
		{8834B978-9A63-46D4-882C-E4961FBC175F}.Release_NoAsync|Any CPU.ActiveCfg = Release|Any CPU
		{8834B978-9A63-46D4-882C-E4961FBC175F}.Release_NoAsync|Any CPU.Build.0 = Release|Any CPU
		{8834B978-9A63-46D4-882C-E4961FBC175F}.Release|Any CPU.ActiveCfg = Release|Any CPU
		{8834B978-9A63-46D4-882C-E4961FBC175F}.Release|Any CPU.Build.0 = Release|Any CPU
	EndGlobalSection
	GlobalSection(SolutionProperties) = preSolution
		HideSolutionNode = FALSE
	EndGlobalSection
	GlobalSection(NestedProjects) = preSolution
		{3681A9A8-FC40-4125-B842-7775713C8DCE} = {5D0FD0F6-498E-4126-A297-97B7763DD0AB}
		{4A9F7CE0-5A45-4B28-AD01-05528709B6E4} = {5D0FD0F6-498E-4126-A297-97B7763DD0AB}
		{DCA0235F-88C1-43A0-A8DB-FF765D344E06} = {5D0FD0F6-498E-4126-A297-97B7763DD0AB}
		{824C1FEC-2455-4183-AFC6-891EDB88213A} = {5D0FD0F6-498E-4126-A297-97B7763DD0AB}
		{982279B6-0070-4614-91A6-02F1AEE36E4F} = {5D0FD0F6-498E-4126-A297-97B7763DD0AB}
		{8834B978-9A63-46D4-882C-E4961FBC175F} = {5D0FD0F6-498E-4126-A297-97B7763DD0AB}
		{36D4B098-A21C-4725-ACD3-400922885F38} = {D1DF352A-45B6-4130-9A8B-A24C20257B7D}
		{8780581F-7C26-4B64-9235-BA1C458DF36E} = {D1DF352A-45B6-4130-9A8B-A24C20257B7D}
		{94534671-7C55-4F3F-9209-3ECD2D3145D7} = {D1DF352A-45B6-4130-9A8B-A24C20257B7D}
		{439523BE-5095-481A-B329-DB7CB741ECD6} = {D1DF352A-45B6-4130-9A8B-A24C20257B7D}
		{DB343BA6-72D8-47EF-8510-5ED566489D9E} = {D1DF352A-45B6-4130-9A8B-A24C20257B7D}
		{91CF385C-0E47-4478-B7DE-6DC3DE7E118A} = {D1DF352A-45B6-4130-9A8B-A24C20257B7D}
		{F8047019-A362-46C8-B317-D4278EFCC680} = {1FF7D86A-E3A8-4A87-848A-CF97ED032435}
		{7CC02EBA-94BA-4561-90A7-1DE1240DDB38} = {1FF7D86A-E3A8-4A87-848A-CF97ED032435}
		{B54DD6E7-526D-4BD4-BCCA-8DCB1AB12A23} = {1FF7D86A-E3A8-4A87-848A-CF97ED032435}
	EndGlobalSection
EndGlobal
