
Microsoft Visual Studio Solution File, Format Version 11.00
# Visual Studio 2010
Project("{FAE04EC0-301F-11D3-BF4B-00C04F79EFBC}") = "JSModel", "JSModel\JSModel.csproj", "{C84DF308-9EBF-4521-9CA2-5C531F4B245A}"
EndProject
Project("{FAE04EC0-301F-11D3-BF4B-00C04F79EFBC}") = "Saltarelle.Compiler", "Saltarelle.Compiler\Saltarelle.Compiler.csproj", "{0B9DB3A8-CC8D-40AF-BC03-3D0BDA71AA19}"
EndProject
Project("{FAE04EC0-301F-11D3-BF4B-00C04F79EFBC}") = "Saltarelle.Compiler.Tests", "Saltarelle.Compiler.Tests\Saltarelle.Compiler.Tests.csproj", "{4EAA8F82-B663-4DE6-AD09-A5BBE625AF55}"
EndProject
Project("{2150E333-8FDC-42A3-9474-1A3956D46DE8}") = "NRefactory", "NRefactory", "{73B31ACF-DFF5-4A3A-A4FC-B89090737EDA}"
EndProject
Project("{FAE04EC0-301F-11D3-BF4B-00C04F79EFBC}") = "ICSharpCode.NRefactory", "NRefactory\ICSharpCode.NRefactory\ICSharpCode.NRefactory.csproj", "{3B2A5653-EC97-4001-BB9B-D90F1AF2C371}"
EndProject
Project("{FAE04EC0-301F-11D3-BF4B-00C04F79EFBC}") = "ICSharpCode.NRefactory.CSharp", "NRefactory\ICSharpCode.NRefactory.CSharp\ICSharpCode.NRefactory.CSharp.csproj", "{53DCA265-3C3C-42F9-B647-F72BA678122B}"
EndProject
Project("{FAE04EC0-301F-11D3-BF4B-00C04F79EFBC}") = "Mono.Cecil", "Mono.Cecil\Mono.Cecil.csproj", "{D68133BD-1E63-496E-9EDE-4FBDBF77B486}"
EndProject
Project("{FAE04EC0-301F-11D3-BF4B-00C04F79EFBC}") = "SCExe", "SCExe\SCExe.csproj", "{6799A75C-6F0A-41DA-AA45-6A67587AB6C7}"
EndProject
Project("{2150E333-8FDC-42A3-9474-1A3956D46DE8}") = "Mono.Cecil", "Mono.Cecil", "{88DA9D99-0FF8-4AC6-BE9D-9216B42571E7}"
EndProject
Project("{FAE04EC0-301F-11D3-BF4B-00C04F79EFBC}") = "SCTask", "SCTask\SCTask.csproj", "{7CE9DA6A-BFCC-4C98-84D3-7939D920FBC7}"
EndProject
Project("{2150E333-8FDC-42A3-9474-1A3956D46DE8}") = "Solution Items", "Solution Items", "{ACDA69C3-9C2E-4122-80E2-C39FEF18316E}"
	ProjectSection(SolutionItems) = preProject
		..\history.txt = ..\history.txt
		install.ps1 = install.ps1
		..\readme.md = ..\readme.md
		..\TODO.txt = ..\TODO.txt
	EndProjectSection
EndProject
Project("{FAE04EC0-301F-11D3-BF4B-00C04F79EFBC}") = "JavaScriptParser", "JavaScriptParser\JavaScriptParser.csproj", "{819223CA-D211-44C2-BC01-A2B955D4CA61}"
EndProject
Global
	GlobalSection(SolutionConfigurationPlatforms) = preSolution
		Debug|Any CPU = Debug|Any CPU
		net_2_0_Debug|Any CPU = net_2_0_Debug|Any CPU
		net_2_0_Release|Any CPU = net_2_0_Release|Any CPU
		net_3_5_Debug|Any CPU = net_3_5_Debug|Any CPU
		net_3_5_Release|Any CPU = net_3_5_Release|Any CPU
		net_4_0_Debug|Any CPU = net_4_0_Debug|Any CPU
		net_4_0_Release|Any CPU = net_4_0_Release|Any CPU
		Release|Any CPU = Release|Any CPU
		silverlight_Debug|Any CPU = silverlight_Debug|Any CPU
		silverlight_Release|Any CPU = silverlight_Release|Any CPU
		winphone_Debug|Any CPU = winphone_Debug|Any CPU
		winphone_Release|Any CPU = winphone_Release|Any CPU
	EndGlobalSection
	GlobalSection(ProjectConfigurationPlatforms) = postSolution
		{C84DF308-9EBF-4521-9CA2-5C531F4B245A}.Debug|Any CPU.ActiveCfg = Debug|Any CPU
		{C84DF308-9EBF-4521-9CA2-5C531F4B245A}.Debug|Any CPU.Build.0 = Debug|Any CPU
		{C84DF308-9EBF-4521-9CA2-5C531F4B245A}.net_2_0_Debug|Any CPU.ActiveCfg = Debug|Any CPU
		{C84DF308-9EBF-4521-9CA2-5C531F4B245A}.net_2_0_Debug|Any CPU.Build.0 = Debug|Any CPU
		{C84DF308-9EBF-4521-9CA2-5C531F4B245A}.net_2_0_Release|Any CPU.ActiveCfg = Release|Any CPU
		{C84DF308-9EBF-4521-9CA2-5C531F4B245A}.net_2_0_Release|Any CPU.Build.0 = Release|Any CPU
		{C84DF308-9EBF-4521-9CA2-5C531F4B245A}.net_3_5_Debug|Any CPU.ActiveCfg = Debug|Any CPU
		{C84DF308-9EBF-4521-9CA2-5C531F4B245A}.net_3_5_Debug|Any CPU.Build.0 = Debug|Any CPU
		{C84DF308-9EBF-4521-9CA2-5C531F4B245A}.net_3_5_Release|Any CPU.ActiveCfg = Release|Any CPU
		{C84DF308-9EBF-4521-9CA2-5C531F4B245A}.net_3_5_Release|Any CPU.Build.0 = Release|Any CPU
		{C84DF308-9EBF-4521-9CA2-5C531F4B245A}.net_4_0_Debug|Any CPU.ActiveCfg = Debug|Any CPU
		{C84DF308-9EBF-4521-9CA2-5C531F4B245A}.net_4_0_Debug|Any CPU.Build.0 = Debug|Any CPU
		{C84DF308-9EBF-4521-9CA2-5C531F4B245A}.net_4_0_Release|Any CPU.ActiveCfg = Release|Any CPU
		{C84DF308-9EBF-4521-9CA2-5C531F4B245A}.net_4_0_Release|Any CPU.Build.0 = Release|Any CPU
		{C84DF308-9EBF-4521-9CA2-5C531F4B245A}.Release|Any CPU.ActiveCfg = Release|Any CPU
		{C84DF308-9EBF-4521-9CA2-5C531F4B245A}.Release|Any CPU.Build.0 = Release|Any CPU
		{C84DF308-9EBF-4521-9CA2-5C531F4B245A}.silverlight_Debug|Any CPU.ActiveCfg = Debug|Any CPU
		{C84DF308-9EBF-4521-9CA2-5C531F4B245A}.silverlight_Debug|Any CPU.Build.0 = Debug|Any CPU
		{C84DF308-9EBF-4521-9CA2-5C531F4B245A}.silverlight_Release|Any CPU.ActiveCfg = Release|Any CPU
		{C84DF308-9EBF-4521-9CA2-5C531F4B245A}.silverlight_Release|Any CPU.Build.0 = Release|Any CPU
		{C84DF308-9EBF-4521-9CA2-5C531F4B245A}.winphone_Debug|Any CPU.ActiveCfg = Debug|Any CPU
		{C84DF308-9EBF-4521-9CA2-5C531F4B245A}.winphone_Debug|Any CPU.Build.0 = Debug|Any CPU
		{C84DF308-9EBF-4521-9CA2-5C531F4B245A}.winphone_Release|Any CPU.ActiveCfg = Release|Any CPU
		{C84DF308-9EBF-4521-9CA2-5C531F4B245A}.winphone_Release|Any CPU.Build.0 = Release|Any CPU
		{0B9DB3A8-CC8D-40AF-BC03-3D0BDA71AA19}.Debug|Any CPU.ActiveCfg = Debug|Any CPU
		{0B9DB3A8-CC8D-40AF-BC03-3D0BDA71AA19}.Debug|Any CPU.Build.0 = Debug|Any CPU
		{0B9DB3A8-CC8D-40AF-BC03-3D0BDA71AA19}.net_2_0_Debug|Any CPU.ActiveCfg = Debug|Any CPU
		{0B9DB3A8-CC8D-40AF-BC03-3D0BDA71AA19}.net_2_0_Debug|Any CPU.Build.0 = Debug|Any CPU
		{0B9DB3A8-CC8D-40AF-BC03-3D0BDA71AA19}.net_2_0_Release|Any CPU.ActiveCfg = Release|Any CPU
		{0B9DB3A8-CC8D-40AF-BC03-3D0BDA71AA19}.net_2_0_Release|Any CPU.Build.0 = Release|Any CPU
		{0B9DB3A8-CC8D-40AF-BC03-3D0BDA71AA19}.net_3_5_Debug|Any CPU.ActiveCfg = Debug|Any CPU
		{0B9DB3A8-CC8D-40AF-BC03-3D0BDA71AA19}.net_3_5_Debug|Any CPU.Build.0 = Debug|Any CPU
		{0B9DB3A8-CC8D-40AF-BC03-3D0BDA71AA19}.net_3_5_Release|Any CPU.ActiveCfg = Release|Any CPU
		{0B9DB3A8-CC8D-40AF-BC03-3D0BDA71AA19}.net_3_5_Release|Any CPU.Build.0 = Release|Any CPU
		{0B9DB3A8-CC8D-40AF-BC03-3D0BDA71AA19}.net_4_0_Debug|Any CPU.ActiveCfg = Debug|Any CPU
		{0B9DB3A8-CC8D-40AF-BC03-3D0BDA71AA19}.net_4_0_Debug|Any CPU.Build.0 = Debug|Any CPU
		{0B9DB3A8-CC8D-40AF-BC03-3D0BDA71AA19}.net_4_0_Release|Any CPU.ActiveCfg = Release|Any CPU
		{0B9DB3A8-CC8D-40AF-BC03-3D0BDA71AA19}.net_4_0_Release|Any CPU.Build.0 = Release|Any CPU
		{0B9DB3A8-CC8D-40AF-BC03-3D0BDA71AA19}.Release|Any CPU.ActiveCfg = Release|Any CPU
		{0B9DB3A8-CC8D-40AF-BC03-3D0BDA71AA19}.Release|Any CPU.Build.0 = Release|Any CPU
		{0B9DB3A8-CC8D-40AF-BC03-3D0BDA71AA19}.silverlight_Debug|Any CPU.ActiveCfg = Debug|Any CPU
		{0B9DB3A8-CC8D-40AF-BC03-3D0BDA71AA19}.silverlight_Debug|Any CPU.Build.0 = Debug|Any CPU
		{0B9DB3A8-CC8D-40AF-BC03-3D0BDA71AA19}.silverlight_Release|Any CPU.ActiveCfg = Release|Any CPU
		{0B9DB3A8-CC8D-40AF-BC03-3D0BDA71AA19}.silverlight_Release|Any CPU.Build.0 = Release|Any CPU
		{0B9DB3A8-CC8D-40AF-BC03-3D0BDA71AA19}.winphone_Debug|Any CPU.ActiveCfg = Debug|Any CPU
		{0B9DB3A8-CC8D-40AF-BC03-3D0BDA71AA19}.winphone_Debug|Any CPU.Build.0 = Debug|Any CPU
		{0B9DB3A8-CC8D-40AF-BC03-3D0BDA71AA19}.winphone_Release|Any CPU.ActiveCfg = Release|Any CPU
		{0B9DB3A8-CC8D-40AF-BC03-3D0BDA71AA19}.winphone_Release|Any CPU.Build.0 = Release|Any CPU
		{4EAA8F82-B663-4DE6-AD09-A5BBE625AF55}.Debug|Any CPU.ActiveCfg = Debug|Any CPU
		{4EAA8F82-B663-4DE6-AD09-A5BBE625AF55}.Debug|Any CPU.Build.0 = Debug|Any CPU
		{4EAA8F82-B663-4DE6-AD09-A5BBE625AF55}.net_2_0_Debug|Any CPU.ActiveCfg = Debug|Any CPU
		{4EAA8F82-B663-4DE6-AD09-A5BBE625AF55}.net_2_0_Debug|Any CPU.Build.0 = Debug|Any CPU
		{4EAA8F82-B663-4DE6-AD09-A5BBE625AF55}.net_2_0_Release|Any CPU.ActiveCfg = Release|Any CPU
		{4EAA8F82-B663-4DE6-AD09-A5BBE625AF55}.net_2_0_Release|Any CPU.Build.0 = Release|Any CPU
		{4EAA8F82-B663-4DE6-AD09-A5BBE625AF55}.net_3_5_Debug|Any CPU.ActiveCfg = Debug|Any CPU
		{4EAA8F82-B663-4DE6-AD09-A5BBE625AF55}.net_3_5_Debug|Any CPU.Build.0 = Debug|Any CPU
		{4EAA8F82-B663-4DE6-AD09-A5BBE625AF55}.net_3_5_Release|Any CPU.ActiveCfg = Release|Any CPU
		{4EAA8F82-B663-4DE6-AD09-A5BBE625AF55}.net_3_5_Release|Any CPU.Build.0 = Release|Any CPU
		{4EAA8F82-B663-4DE6-AD09-A5BBE625AF55}.net_4_0_Debug|Any CPU.ActiveCfg = Debug|Any CPU
		{4EAA8F82-B663-4DE6-AD09-A5BBE625AF55}.net_4_0_Debug|Any CPU.Build.0 = Debug|Any CPU
		{4EAA8F82-B663-4DE6-AD09-A5BBE625AF55}.net_4_0_Release|Any CPU.ActiveCfg = Release|Any CPU
		{4EAA8F82-B663-4DE6-AD09-A5BBE625AF55}.net_4_0_Release|Any CPU.Build.0 = Release|Any CPU
		{4EAA8F82-B663-4DE6-AD09-A5BBE625AF55}.Release|Any CPU.ActiveCfg = Release|Any CPU
		{4EAA8F82-B663-4DE6-AD09-A5BBE625AF55}.Release|Any CPU.Build.0 = Release|Any CPU
		{4EAA8F82-B663-4DE6-AD09-A5BBE625AF55}.silverlight_Debug|Any CPU.ActiveCfg = Debug|Any CPU
		{4EAA8F82-B663-4DE6-AD09-A5BBE625AF55}.silverlight_Debug|Any CPU.Build.0 = Debug|Any CPU
		{4EAA8F82-B663-4DE6-AD09-A5BBE625AF55}.silverlight_Release|Any CPU.ActiveCfg = Release|Any CPU
		{4EAA8F82-B663-4DE6-AD09-A5BBE625AF55}.silverlight_Release|Any CPU.Build.0 = Release|Any CPU
		{4EAA8F82-B663-4DE6-AD09-A5BBE625AF55}.winphone_Debug|Any CPU.ActiveCfg = Debug|Any CPU
		{4EAA8F82-B663-4DE6-AD09-A5BBE625AF55}.winphone_Debug|Any CPU.Build.0 = Debug|Any CPU
		{4EAA8F82-B663-4DE6-AD09-A5BBE625AF55}.winphone_Release|Any CPU.ActiveCfg = Release|Any CPU
		{4EAA8F82-B663-4DE6-AD09-A5BBE625AF55}.winphone_Release|Any CPU.Build.0 = Release|Any CPU
		{3B2A5653-EC97-4001-BB9B-D90F1AF2C371}.Debug|Any CPU.ActiveCfg = Debug|Any CPU
		{3B2A5653-EC97-4001-BB9B-D90F1AF2C371}.Debug|Any CPU.Build.0 = Debug|Any CPU
		{3B2A5653-EC97-4001-BB9B-D90F1AF2C371}.net_2_0_Debug|Any CPU.ActiveCfg = Debug|Any CPU
		{3B2A5653-EC97-4001-BB9B-D90F1AF2C371}.net_2_0_Debug|Any CPU.Build.0 = Debug|Any CPU
		{3B2A5653-EC97-4001-BB9B-D90F1AF2C371}.net_2_0_Release|Any CPU.ActiveCfg = Release|Any CPU
		{3B2A5653-EC97-4001-BB9B-D90F1AF2C371}.net_2_0_Release|Any CPU.Build.0 = Release|Any CPU
		{3B2A5653-EC97-4001-BB9B-D90F1AF2C371}.net_3_5_Debug|Any CPU.ActiveCfg = Debug|Any CPU
		{3B2A5653-EC97-4001-BB9B-D90F1AF2C371}.net_3_5_Debug|Any CPU.Build.0 = Debug|Any CPU
		{3B2A5653-EC97-4001-BB9B-D90F1AF2C371}.net_3_5_Release|Any CPU.ActiveCfg = Release|Any CPU
		{3B2A5653-EC97-4001-BB9B-D90F1AF2C371}.net_3_5_Release|Any CPU.Build.0 = Release|Any CPU
		{3B2A5653-EC97-4001-BB9B-D90F1AF2C371}.net_4_0_Debug|Any CPU.ActiveCfg = Debug|Any CPU
		{3B2A5653-EC97-4001-BB9B-D90F1AF2C371}.net_4_0_Debug|Any CPU.Build.0 = Debug|Any CPU
		{3B2A5653-EC97-4001-BB9B-D90F1AF2C371}.net_4_0_Release|Any CPU.ActiveCfg = Release|Any CPU
		{3B2A5653-EC97-4001-BB9B-D90F1AF2C371}.net_4_0_Release|Any CPU.Build.0 = Release|Any CPU
		{3B2A5653-EC97-4001-BB9B-D90F1AF2C371}.Release|Any CPU.ActiveCfg = Release|Any CPU
		{3B2A5653-EC97-4001-BB9B-D90F1AF2C371}.Release|Any CPU.Build.0 = Release|Any CPU
		{3B2A5653-EC97-4001-BB9B-D90F1AF2C371}.silverlight_Debug|Any CPU.ActiveCfg = Debug|Any CPU
		{3B2A5653-EC97-4001-BB9B-D90F1AF2C371}.silverlight_Debug|Any CPU.Build.0 = Debug|Any CPU
		{3B2A5653-EC97-4001-BB9B-D90F1AF2C371}.silverlight_Release|Any CPU.ActiveCfg = Release|Any CPU
		{3B2A5653-EC97-4001-BB9B-D90F1AF2C371}.silverlight_Release|Any CPU.Build.0 = Release|Any CPU
		{3B2A5653-EC97-4001-BB9B-D90F1AF2C371}.winphone_Debug|Any CPU.ActiveCfg = Debug|Any CPU
		{3B2A5653-EC97-4001-BB9B-D90F1AF2C371}.winphone_Debug|Any CPU.Build.0 = Debug|Any CPU
		{3B2A5653-EC97-4001-BB9B-D90F1AF2C371}.winphone_Release|Any CPU.ActiveCfg = Release|Any CPU
		{3B2A5653-EC97-4001-BB9B-D90F1AF2C371}.winphone_Release|Any CPU.Build.0 = Release|Any CPU
		{53DCA265-3C3C-42F9-B647-F72BA678122B}.Debug|Any CPU.ActiveCfg = Debug|Any CPU
		{53DCA265-3C3C-42F9-B647-F72BA678122B}.Debug|Any CPU.Build.0 = Debug|Any CPU
		{53DCA265-3C3C-42F9-B647-F72BA678122B}.net_2_0_Debug|Any CPU.ActiveCfg = Debug|Any CPU
		{53DCA265-3C3C-42F9-B647-F72BA678122B}.net_2_0_Debug|Any CPU.Build.0 = Debug|Any CPU
		{53DCA265-3C3C-42F9-B647-F72BA678122B}.net_2_0_Release|Any CPU.ActiveCfg = Release|Any CPU
		{53DCA265-3C3C-42F9-B647-F72BA678122B}.net_2_0_Release|Any CPU.Build.0 = Release|Any CPU
		{53DCA265-3C3C-42F9-B647-F72BA678122B}.net_3_5_Debug|Any CPU.ActiveCfg = Debug|Any CPU
		{53DCA265-3C3C-42F9-B647-F72BA678122B}.net_3_5_Debug|Any CPU.Build.0 = Debug|Any CPU
		{53DCA265-3C3C-42F9-B647-F72BA678122B}.net_3_5_Release|Any CPU.ActiveCfg = Release|Any CPU
		{53DCA265-3C3C-42F9-B647-F72BA678122B}.net_3_5_Release|Any CPU.Build.0 = Release|Any CPU
		{53DCA265-3C3C-42F9-B647-F72BA678122B}.net_4_0_Debug|Any CPU.ActiveCfg = Debug|Any CPU
		{53DCA265-3C3C-42F9-B647-F72BA678122B}.net_4_0_Debug|Any CPU.Build.0 = Debug|Any CPU
		{53DCA265-3C3C-42F9-B647-F72BA678122B}.net_4_0_Release|Any CPU.ActiveCfg = Release|Any CPU
		{53DCA265-3C3C-42F9-B647-F72BA678122B}.net_4_0_Release|Any CPU.Build.0 = Release|Any CPU
		{53DCA265-3C3C-42F9-B647-F72BA678122B}.Release|Any CPU.ActiveCfg = Release|Any CPU
		{53DCA265-3C3C-42F9-B647-F72BA678122B}.Release|Any CPU.Build.0 = Release|Any CPU
		{53DCA265-3C3C-42F9-B647-F72BA678122B}.silverlight_Debug|Any CPU.ActiveCfg = Debug|Any CPU
		{53DCA265-3C3C-42F9-B647-F72BA678122B}.silverlight_Debug|Any CPU.Build.0 = Debug|Any CPU
		{53DCA265-3C3C-42F9-B647-F72BA678122B}.silverlight_Release|Any CPU.ActiveCfg = Release|Any CPU
		{53DCA265-3C3C-42F9-B647-F72BA678122B}.silverlight_Release|Any CPU.Build.0 = Release|Any CPU
		{53DCA265-3C3C-42F9-B647-F72BA678122B}.winphone_Debug|Any CPU.ActiveCfg = Debug|Any CPU
		{53DCA265-3C3C-42F9-B647-F72BA678122B}.winphone_Debug|Any CPU.Build.0 = Debug|Any CPU
		{53DCA265-3C3C-42F9-B647-F72BA678122B}.winphone_Release|Any CPU.ActiveCfg = Release|Any CPU
		{53DCA265-3C3C-42F9-B647-F72BA678122B}.winphone_Release|Any CPU.Build.0 = Release|Any CPU
		{D68133BD-1E63-496E-9EDE-4FBDBF77B486}.Debug|Any CPU.ActiveCfg = net_4_0_Debug|Any CPU
		{D68133BD-1E63-496E-9EDE-4FBDBF77B486}.Debug|Any CPU.Build.0 = net_4_0_Debug|Any CPU
		{D68133BD-1E63-496E-9EDE-4FBDBF77B486}.net_2_0_Debug|Any CPU.ActiveCfg = net_2_0_Debug|Any CPU
		{D68133BD-1E63-496E-9EDE-4FBDBF77B486}.net_2_0_Debug|Any CPU.Build.0 = net_2_0_Debug|Any CPU
		{D68133BD-1E63-496E-9EDE-4FBDBF77B486}.net_2_0_Release|Any CPU.ActiveCfg = net_2_0_Release|Any CPU
		{D68133BD-1E63-496E-9EDE-4FBDBF77B486}.net_2_0_Release|Any CPU.Build.0 = net_2_0_Release|Any CPU
		{D68133BD-1E63-496E-9EDE-4FBDBF77B486}.net_3_5_Debug|Any CPU.ActiveCfg = net_3_5_Debug|Any CPU
		{D68133BD-1E63-496E-9EDE-4FBDBF77B486}.net_3_5_Debug|Any CPU.Build.0 = net_3_5_Debug|Any CPU
		{D68133BD-1E63-496E-9EDE-4FBDBF77B486}.net_3_5_Release|Any CPU.ActiveCfg = net_3_5_Release|Any CPU
		{D68133BD-1E63-496E-9EDE-4FBDBF77B486}.net_3_5_Release|Any CPU.Build.0 = net_3_5_Release|Any CPU
		{D68133BD-1E63-496E-9EDE-4FBDBF77B486}.net_4_0_Debug|Any CPU.ActiveCfg = net_4_0_Debug|Any CPU
		{D68133BD-1E63-496E-9EDE-4FBDBF77B486}.net_4_0_Debug|Any CPU.Build.0 = net_4_0_Debug|Any CPU
		{D68133BD-1E63-496E-9EDE-4FBDBF77B486}.net_4_0_Release|Any CPU.ActiveCfg = net_4_0_Release|Any CPU
		{D68133BD-1E63-496E-9EDE-4FBDBF77B486}.net_4_0_Release|Any CPU.Build.0 = net_4_0_Release|Any CPU
		{D68133BD-1E63-496E-9EDE-4FBDBF77B486}.Release|Any CPU.ActiveCfg = winphone_Release|Any CPU
		{D68133BD-1E63-496E-9EDE-4FBDBF77B486}.Release|Any CPU.Build.0 = winphone_Release|Any CPU
		{D68133BD-1E63-496E-9EDE-4FBDBF77B486}.silverlight_Debug|Any CPU.ActiveCfg = silverlight_Debug|Any CPU
		{D68133BD-1E63-496E-9EDE-4FBDBF77B486}.silverlight_Debug|Any CPU.Build.0 = silverlight_Debug|Any CPU
		{D68133BD-1E63-496E-9EDE-4FBDBF77B486}.silverlight_Release|Any CPU.ActiveCfg = silverlight_Release|Any CPU
		{D68133BD-1E63-496E-9EDE-4FBDBF77B486}.silverlight_Release|Any CPU.Build.0 = silverlight_Release|Any CPU
		{D68133BD-1E63-496E-9EDE-4FBDBF77B486}.winphone_Debug|Any CPU.ActiveCfg = winphone_Debug|Any CPU
		{D68133BD-1E63-496E-9EDE-4FBDBF77B486}.winphone_Debug|Any CPU.Build.0 = winphone_Debug|Any CPU
		{D68133BD-1E63-496E-9EDE-4FBDBF77B486}.winphone_Release|Any CPU.ActiveCfg = winphone_Release|Any CPU
		{D68133BD-1E63-496E-9EDE-4FBDBF77B486}.winphone_Release|Any CPU.Build.0 = winphone_Release|Any CPU
		{6799A75C-6F0A-41DA-AA45-6A67587AB6C7}.Debug|Any CPU.ActiveCfg = Debug|Any CPU
		{6799A75C-6F0A-41DA-AA45-6A67587AB6C7}.Debug|Any CPU.Build.0 = Debug|Any CPU
		{6799A75C-6F0A-41DA-AA45-6A67587AB6C7}.net_2_0_Debug|Any CPU.ActiveCfg = Debug|Any CPU
		{6799A75C-6F0A-41DA-AA45-6A67587AB6C7}.net_2_0_Debug|Any CPU.Build.0 = Debug|Any CPU
		{6799A75C-6F0A-41DA-AA45-6A67587AB6C7}.net_2_0_Release|Any CPU.ActiveCfg = Release|Any CPU
		{6799A75C-6F0A-41DA-AA45-6A67587AB6C7}.net_2_0_Release|Any CPU.Build.0 = Release|Any CPU
		{6799A75C-6F0A-41DA-AA45-6A67587AB6C7}.net_3_5_Debug|Any CPU.ActiveCfg = Debug|Any CPU
		{6799A75C-6F0A-41DA-AA45-6A67587AB6C7}.net_3_5_Debug|Any CPU.Build.0 = Debug|Any CPU
		{6799A75C-6F0A-41DA-AA45-6A67587AB6C7}.net_3_5_Release|Any CPU.ActiveCfg = Release|Any CPU
		{6799A75C-6F0A-41DA-AA45-6A67587AB6C7}.net_3_5_Release|Any CPU.Build.0 = Release|Any CPU
		{6799A75C-6F0A-41DA-AA45-6A67587AB6C7}.net_4_0_Debug|Any CPU.ActiveCfg = Debug|Any CPU
		{6799A75C-6F0A-41DA-AA45-6A67587AB6C7}.net_4_0_Debug|Any CPU.Build.0 = Debug|Any CPU
		{6799A75C-6F0A-41DA-AA45-6A67587AB6C7}.net_4_0_Release|Any CPU.ActiveCfg = Release|Any CPU
		{6799A75C-6F0A-41DA-AA45-6A67587AB6C7}.net_4_0_Release|Any CPU.Build.0 = Release|Any CPU
		{6799A75C-6F0A-41DA-AA45-6A67587AB6C7}.Release|Any CPU.ActiveCfg = Release|Any CPU
		{6799A75C-6F0A-41DA-AA45-6A67587AB6C7}.Release|Any CPU.Build.0 = Release|Any CPU
		{6799A75C-6F0A-41DA-AA45-6A67587AB6C7}.silverlight_Debug|Any CPU.ActiveCfg = Debug|Any CPU
		{6799A75C-6F0A-41DA-AA45-6A67587AB6C7}.silverlight_Debug|Any CPU.Build.0 = Debug|Any CPU
		{6799A75C-6F0A-41DA-AA45-6A67587AB6C7}.silverlight_Release|Any CPU.ActiveCfg = Release|Any CPU
		{6799A75C-6F0A-41DA-AA45-6A67587AB6C7}.silverlight_Release|Any CPU.Build.0 = Release|Any CPU
		{6799A75C-6F0A-41DA-AA45-6A67587AB6C7}.winphone_Debug|Any CPU.ActiveCfg = Debug|Any CPU
		{6799A75C-6F0A-41DA-AA45-6A67587AB6C7}.winphone_Debug|Any CPU.Build.0 = Debug|Any CPU
		{6799A75C-6F0A-41DA-AA45-6A67587AB6C7}.winphone_Release|Any CPU.ActiveCfg = Release|Any CPU
		{6799A75C-6F0A-41DA-AA45-6A67587AB6C7}.winphone_Release|Any CPU.Build.0 = Release|Any CPU
		{7CE9DA6A-BFCC-4C98-84D3-7939D920FBC7}.Debug|Any CPU.ActiveCfg = Debug|Any CPU
		{7CE9DA6A-BFCC-4C98-84D3-7939D920FBC7}.Debug|Any CPU.Build.0 = Debug|Any CPU
		{7CE9DA6A-BFCC-4C98-84D3-7939D920FBC7}.net_2_0_Debug|Any CPU.ActiveCfg = Debug|Any CPU
		{7CE9DA6A-BFCC-4C98-84D3-7939D920FBC7}.net_2_0_Debug|Any CPU.Build.0 = Debug|Any CPU
		{7CE9DA6A-BFCC-4C98-84D3-7939D920FBC7}.net_2_0_Release|Any CPU.ActiveCfg = Release|Any CPU
		{7CE9DA6A-BFCC-4C98-84D3-7939D920FBC7}.net_2_0_Release|Any CPU.Build.0 = Release|Any CPU
		{7CE9DA6A-BFCC-4C98-84D3-7939D920FBC7}.net_3_5_Debug|Any CPU.ActiveCfg = Debug|Any CPU
		{7CE9DA6A-BFCC-4C98-84D3-7939D920FBC7}.net_3_5_Debug|Any CPU.Build.0 = Debug|Any CPU
		{7CE9DA6A-BFCC-4C98-84D3-7939D920FBC7}.net_3_5_Release|Any CPU.ActiveCfg = Release|Any CPU
		{7CE9DA6A-BFCC-4C98-84D3-7939D920FBC7}.net_3_5_Release|Any CPU.Build.0 = Release|Any CPU
		{7CE9DA6A-BFCC-4C98-84D3-7939D920FBC7}.net_4_0_Debug|Any CPU.ActiveCfg = Debug|Any CPU
		{7CE9DA6A-BFCC-4C98-84D3-7939D920FBC7}.net_4_0_Debug|Any CPU.Build.0 = Debug|Any CPU
		{7CE9DA6A-BFCC-4C98-84D3-7939D920FBC7}.net_4_0_Release|Any CPU.ActiveCfg = Release|Any CPU
		{7CE9DA6A-BFCC-4C98-84D3-7939D920FBC7}.net_4_0_Release|Any CPU.Build.0 = Release|Any CPU
		{7CE9DA6A-BFCC-4C98-84D3-7939D920FBC7}.Release|Any CPU.ActiveCfg = Release|Any CPU
		{7CE9DA6A-BFCC-4C98-84D3-7939D920FBC7}.Release|Any CPU.Build.0 = Release|Any CPU
		{7CE9DA6A-BFCC-4C98-84D3-7939D920FBC7}.silverlight_Debug|Any CPU.ActiveCfg = Debug|Any CPU
		{7CE9DA6A-BFCC-4C98-84D3-7939D920FBC7}.silverlight_Debug|Any CPU.Build.0 = Debug|Any CPU
		{7CE9DA6A-BFCC-4C98-84D3-7939D920FBC7}.silverlight_Release|Any CPU.ActiveCfg = Release|Any CPU
		{7CE9DA6A-BFCC-4C98-84D3-7939D920FBC7}.silverlight_Release|Any CPU.Build.0 = Release|Any CPU
		{7CE9DA6A-BFCC-4C98-84D3-7939D920FBC7}.winphone_Debug|Any CPU.ActiveCfg = Debug|Any CPU
		{7CE9DA6A-BFCC-4C98-84D3-7939D920FBC7}.winphone_Debug|Any CPU.Build.0 = Debug|Any CPU
		{7CE9DA6A-BFCC-4C98-84D3-7939D920FBC7}.winphone_Release|Any CPU.ActiveCfg = Release|Any CPU
		{7CE9DA6A-BFCC-4C98-84D3-7939D920FBC7}.winphone_Release|Any CPU.Build.0 = Release|Any CPU
		{819223CA-D211-44C2-BC01-A2B955D4CA61}.Debug|Any CPU.ActiveCfg = Debug|Any CPU
		{819223CA-D211-44C2-BC01-A2B955D4CA61}.Debug|Any CPU.Build.0 = Debug|Any CPU
		{819223CA-D211-44C2-BC01-A2B955D4CA61}.net_2_0_Debug|Any CPU.ActiveCfg = Debug|Any CPU
		{819223CA-D211-44C2-BC01-A2B955D4CA61}.net_2_0_Debug|Any CPU.Build.0 = Debug|Any CPU
		{819223CA-D211-44C2-BC01-A2B955D4CA61}.net_2_0_Release|Any CPU.ActiveCfg = Release|Any CPU
		{819223CA-D211-44C2-BC01-A2B955D4CA61}.net_2_0_Release|Any CPU.Build.0 = Release|Any CPU
		{819223CA-D211-44C2-BC01-A2B955D4CA61}.net_3_5_Debug|Any CPU.ActiveCfg = Debug|Any CPU
		{819223CA-D211-44C2-BC01-A2B955D4CA61}.net_3_5_Debug|Any CPU.Build.0 = Debug|Any CPU
		{819223CA-D211-44C2-BC01-A2B955D4CA61}.net_3_5_Release|Any CPU.ActiveCfg = Release|Any CPU
		{819223CA-D211-44C2-BC01-A2B955D4CA61}.net_3_5_Release|Any CPU.Build.0 = Release|Any CPU
		{819223CA-D211-44C2-BC01-A2B955D4CA61}.net_4_0_Debug|Any CPU.ActiveCfg = Debug|Any CPU
		{819223CA-D211-44C2-BC01-A2B955D4CA61}.net_4_0_Debug|Any CPU.Build.0 = Debug|Any CPU
		{819223CA-D211-44C2-BC01-A2B955D4CA61}.net_4_0_Release|Any CPU.ActiveCfg = Release|Any CPU
		{819223CA-D211-44C2-BC01-A2B955D4CA61}.net_4_0_Release|Any CPU.Build.0 = Release|Any CPU
		{819223CA-D211-44C2-BC01-A2B955D4CA61}.Release|Any CPU.ActiveCfg = Release|Any CPU
		{819223CA-D211-44C2-BC01-A2B955D4CA61}.Release|Any CPU.Build.0 = Release|Any CPU
		{819223CA-D211-44C2-BC01-A2B955D4CA61}.silverlight_Debug|Any CPU.ActiveCfg = Debug|Any CPU
		{819223CA-D211-44C2-BC01-A2B955D4CA61}.silverlight_Debug|Any CPU.Build.0 = Debug|Any CPU
		{819223CA-D211-44C2-BC01-A2B955D4CA61}.silverlight_Release|Any CPU.ActiveCfg = Release|Any CPU
		{819223CA-D211-44C2-BC01-A2B955D4CA61}.silverlight_Release|Any CPU.Build.0 = Release|Any CPU
		{819223CA-D211-44C2-BC01-A2B955D4CA61}.winphone_Debug|Any CPU.ActiveCfg = Debug|Any CPU
		{819223CA-D211-44C2-BC01-A2B955D4CA61}.winphone_Debug|Any CPU.Build.0 = Debug|Any CPU
		{819223CA-D211-44C2-BC01-A2B955D4CA61}.winphone_Release|Any CPU.ActiveCfg = Release|Any CPU
		{819223CA-D211-44C2-BC01-A2B955D4CA61}.winphone_Release|Any CPU.Build.0 = Release|Any CPU
	EndGlobalSection
	GlobalSection(SolutionProperties) = preSolution
		HideSolutionNode = FALSE
	EndGlobalSection
	GlobalSection(NestedProjects) = preSolution
		{3B2A5653-EC97-4001-BB9B-D90F1AF2C371} = {73B31ACF-DFF5-4A3A-A4FC-B89090737EDA}
		{53DCA265-3C3C-42F9-B647-F72BA678122B} = {73B31ACF-DFF5-4A3A-A4FC-B89090737EDA}
		{D68133BD-1E63-496E-9EDE-4FBDBF77B486} = {88DA9D99-0FF8-4AC6-BE9D-9216B42571E7}
	EndGlobalSection
EndGlobal
