
Microsoft Visual Studio Solution File, Format Version 12.00
# Visual Studio 2012
Project("{FAE04EC0-301F-11D3-BF4B-00C04F79EFBC}") = "JSModel", "JSModel\JSModel.csproj", "{C84DF308-9EBF-4521-9CA2-5C531F4B245A}"
EndProject
Project("{FAE04EC0-301F-11D3-BF4B-00C04F79EFBC}") = "Saltarelle.Compiler", "Saltarelle.Compiler\Saltarelle.Compiler.csproj", "{0B9DB3A8-CC8D-40AF-BC03-3D0BDA71AA19}"
EndProject
Project("{FAE04EC0-301F-11D3-BF4B-00C04F79EFBC}") = "Saltarelle.Compiler.Tests", "Saltarelle.Compiler.Tests\Saltarelle.Compiler.Tests.csproj", "{4EAA8F82-B663-4DE6-AD09-A5BBE625AF55}"
EndProject
Project("{FAE04EC0-301F-11D3-BF4B-00C04F79EFBC}") = "SCExe", "SCExe\SCExe.csproj", "{6799A75C-6F0A-41DA-AA45-6A67587AB6C7}"
EndProject
Project("{FAE04EC0-301F-11D3-BF4B-00C04F79EFBC}") = "SCTask", "SCTask\SCTask.csproj", "{7CE9DA6A-BFCC-4C98-84D3-7939D920FBC7}"
EndProject
Project("{2150E333-8FDC-42A3-9474-1A3956D46DE8}") = "Solution Items", "Solution Items", "{ACDA69C3-9C2E-4122-80E2-C39FEF18316E}"
	ProjectSection(SolutionItems) = preProject
		..\build\default.ps1 = ..\build\default.ps1
		..\history.txt = ..\history.txt
		install.ps1 = install.ps1
		..\readme.md = ..\readme.md
		..\TODO.txt = ..\TODO.txt
	EndProjectSection
EndProject
Project("{FAE04EC0-301F-11D3-BF4B-00C04F79EFBC}") = "JavaScriptParser", "JavaScriptParser\JavaScriptParser.csproj", "{819223CA-D211-44C2-BC01-A2B955D4CA61}"
EndProject
Project("{FAE04EC0-301F-11D3-BF4B-00C04F79EFBC}") = "SCTaskWorker", "SCTaskWorker\SCTaskWorker.csproj", "{86203334-9497-43C3-9BCA-2CD4596FD445}"
EndProject
Project("{FAE04EC0-301F-11D3-BF4B-00C04F79EFBC}") = "SCExeWorker", "SCExeWorker\SCExeWorker.csproj", "{7DFB28EE-5FDE-40E1-9E60-465B6C034F8F}"
EndProject
Project("{2150E333-8FDC-42A3-9474-1A3956D46DE8}") = ".nuget", ".nuget", "{4A81C7C4-576F-4A7C-AE1A-FCCDCAB84EF1}"
	ProjectSection(SolutionItems) = preProject
		.nuget\packages.config = .nuget\packages.config
	EndProjectSection
EndProject
Global
	GlobalSection(SolutionConfigurationPlatforms) = preSolution
		Debug|Any CPU = Debug|Any CPU
		Release|Any CPU = Release|Any CPU
	EndGlobalSection
	GlobalSection(ProjectConfigurationPlatforms) = postSolution
		{C84DF308-9EBF-4521-9CA2-5C531F4B245A}.Debug|Any CPU.ActiveCfg = Debug|Any CPU
		{C84DF308-9EBF-4521-9CA2-5C531F4B245A}.Debug|Any CPU.Build.0 = Debug|Any CPU
		{C84DF308-9EBF-4521-9CA2-5C531F4B245A}.Release|Any CPU.ActiveCfg = Release|Any CPU
		{C84DF308-9EBF-4521-9CA2-5C531F4B245A}.Release|Any CPU.Build.0 = Release|Any CPU
		{0B9DB3A8-CC8D-40AF-BC03-3D0BDA71AA19}.Debug|Any CPU.ActiveCfg = Debug|Any CPU
		{0B9DB3A8-CC8D-40AF-BC03-3D0BDA71AA19}.Debug|Any CPU.Build.0 = Debug|Any CPU
		{0B9DB3A8-CC8D-40AF-BC03-3D0BDA71AA19}.Release|Any CPU.ActiveCfg = Release|Any CPU
		{0B9DB3A8-CC8D-40AF-BC03-3D0BDA71AA19}.Release|Any CPU.Build.0 = Release|Any CPU
		{4EAA8F82-B663-4DE6-AD09-A5BBE625AF55}.Debug|Any CPU.ActiveCfg = Debug|Any CPU
		{4EAA8F82-B663-4DE6-AD09-A5BBE625AF55}.Debug|Any CPU.Build.0 = Debug|Any CPU
		{4EAA8F82-B663-4DE6-AD09-A5BBE625AF55}.Release|Any CPU.ActiveCfg = Release|Any CPU
		{4EAA8F82-B663-4DE6-AD09-A5BBE625AF55}.Release|Any CPU.Build.0 = Release|Any CPU
		{6799A75C-6F0A-41DA-AA45-6A67587AB6C7}.Debug|Any CPU.ActiveCfg = Debug|Any CPU
		{6799A75C-6F0A-41DA-AA45-6A67587AB6C7}.Debug|Any CPU.Build.0 = Debug|Any CPU
		{6799A75C-6F0A-41DA-AA45-6A67587AB6C7}.Release|Any CPU.ActiveCfg = Release|Any CPU
		{6799A75C-6F0A-41DA-AA45-6A67587AB6C7}.Release|Any CPU.Build.0 = Release|Any CPU
		{7CE9DA6A-BFCC-4C98-84D3-7939D920FBC7}.Debug|Any CPU.ActiveCfg = Debug|Any CPU
		{7CE9DA6A-BFCC-4C98-84D3-7939D920FBC7}.Debug|Any CPU.Build.0 = Debug|Any CPU
		{7CE9DA6A-BFCC-4C98-84D3-7939D920FBC7}.Release|Any CPU.ActiveCfg = Release|Any CPU
		{7CE9DA6A-BFCC-4C98-84D3-7939D920FBC7}.Release|Any CPU.Build.0 = Release|Any CPU
		{819223CA-D211-44C2-BC01-A2B955D4CA61}.Debug|Any CPU.ActiveCfg = Debug|Any CPU
		{819223CA-D211-44C2-BC01-A2B955D4CA61}.Debug|Any CPU.Build.0 = Debug|Any CPU
		{819223CA-D211-44C2-BC01-A2B955D4CA61}.Release|Any CPU.ActiveCfg = Release|Any CPU
		{819223CA-D211-44C2-BC01-A2B955D4CA61}.Release|Any CPU.Build.0 = Release|Any CPU
		{86203334-9497-43C3-9BCA-2CD4596FD445}.Debug|Any CPU.ActiveCfg = Debug|Any CPU
		{86203334-9497-43C3-9BCA-2CD4596FD445}.Debug|Any CPU.Build.0 = Debug|Any CPU
		{86203334-9497-43C3-9BCA-2CD4596FD445}.Release|Any CPU.ActiveCfg = Release|Any CPU
		{86203334-9497-43C3-9BCA-2CD4596FD445}.Release|Any CPU.Build.0 = Release|Any CPU
		{7DFB28EE-5FDE-40E1-9E60-465B6C034F8F}.Debug|Any CPU.ActiveCfg = Debug|Any CPU
		{7DFB28EE-5FDE-40E1-9E60-465B6C034F8F}.Debug|Any CPU.Build.0 = Debug|Any CPU
		{7DFB28EE-5FDE-40E1-9E60-465B6C034F8F}.Release|Any CPU.ActiveCfg = Release|Any CPU
		{7DFB28EE-5FDE-40E1-9E60-465B6C034F8F}.Release|Any CPU.Build.0 = Release|Any CPU
	EndGlobalSection
	GlobalSection(SolutionProperties) = preSolution
		HideSolutionNode = FALSE
	EndGlobalSection
EndGlobal
